
Microsoft Visual Studio Solution File, Format Version 12.00
# Visual Studio 2012
Project("{FAE04EC0-301F-11D3-BF4B-00C04F79EFBC}") = "CCategoria", "CCategoria\CCategoria.csproj", "{4303E319-7919-4BE7-ACA9-609EDFE0D809}"
EndProject
Global
	GlobalSection(SolutionConfigurationPlatforms) = preSolution
		Debug|x86 = Debug|x86
		Release|x86 = Release|x86
	EndGlobalSection
	GlobalSection(ProjectConfigurationPlatforms) = postSolution
		{4303E319-7919-4BE7-ACA9-609EDFE0D809}.Debug|x86.ActiveCfg = Debug|x86
		{4303E319-7919-4BE7-ACA9-609EDFE0D809}.Debug|x86.Build.0 = Debug|x86
		{4303E319-7919-4BE7-ACA9-609EDFE0D809}.Release|x86.ActiveCfg = Release|x86
		{4303E319-7919-4BE7-ACA9-609EDFE0D809}.Release|x86.Build.0 = Release|x86
	EndGlobalSection
EndGlobal
